
Microsoft Visual Studio Solution File, Format Version 12.00
# Visual Studio 15
VisualStudioVersion = 15.0.28010.2048
MinimumVisualStudioVersion = 10.0.40219.1
Project("{FAE04EC0-301F-11D3-BF4B-00C04F79EFBC}") = "Simchas.Web", "Simchas.Web\Simchas.Web.csproj", "{D33DF33A-72A5-4EC8-B9BD-278C1FD0A8D0}"
EndProject
Project("{FAE04EC0-301F-11D3-BF4B-00C04F79EFBC}") = "Simchas.Data", "Simchas.Data\Simchas.Data.csproj", "{399C5E38-0055-4B33-A3FC-AB542F82CCC8}"
EndProject
Global
	GlobalSection(SolutionConfigurationPlatforms) = preSolution
		Debug|Any CPU = Debug|Any CPU
		Release|Any CPU = Release|Any CPU
	EndGlobalSection
	GlobalSection(ProjectConfigurationPlatforms) = postSolution
		{D33DF33A-72A5-4EC8-B9BD-278C1FD0A8D0}.Debug|Any CPU.ActiveCfg = Debug|Any CPU
		{D33DF33A-72A5-4EC8-B9BD-278C1FD0A8D0}.Debug|Any CPU.Build.0 = Debug|Any CPU
		{D33DF33A-72A5-4EC8-B9BD-278C1FD0A8D0}.Release|Any CPU.ActiveCfg = Release|Any CPU
		{D33DF33A-72A5-4EC8-B9BD-278C1FD0A8D0}.Release|Any CPU.Build.0 = Release|Any CPU
		{399C5E38-0055-4B33-A3FC-AB542F82CCC8}.Debug|Any CPU.ActiveCfg = Debug|Any CPU
		{399C5E38-0055-4B33-A3FC-AB542F82CCC8}.Debug|Any CPU.Build.0 = Debug|Any CPU
		{399C5E38-0055-4B33-A3FC-AB542F82CCC8}.Release|Any CPU.ActiveCfg = Release|Any CPU
		{399C5E38-0055-4B33-A3FC-AB542F82CCC8}.Release|Any CPU.Build.0 = Release|Any CPU
	EndGlobalSection
	GlobalSection(SolutionProperties) = preSolution
		HideSolutionNode = FALSE
	EndGlobalSection
	GlobalSection(ExtensibilityGlobals) = postSolution
		SolutionGuid = {5A4FB1BC-165F-494D-9215-217B1D939184}
	EndGlobalSection
EndGlobal
